
Microsoft Visual Studio Solution File, Format Version 12.00
# Visual Studio Version 17
VisualStudioVersion = 17.4.33213.308
MinimumVisualStudioVersion = 10.0.40219.1
Project("{9A19103F-16F7-4668-BE54-9A1E7A4F7556}") = "WLabsDesafioCEP.Domain", "WLabsDesafioCEP.Domain\WLabsDesafioCEP.Domain.csproj", "{3EC9EA11-A7E0-43FA-98B6-AB581BC04605}"
EndProject
Project("{9A19103F-16F7-4668-BE54-9A1E7A4F7556}") = "WLabsDesafioCEP.Infra.Data", "WLabsDesafioCEP.Infra.Data\WLabsDesafioCEP.Infra.Data.csproj", "{505849A8-5494-47D4-965F-DB66E2E94EDB}"
EndProject
Project("{9A19103F-16F7-4668-BE54-9A1E7A4F7556}") = "WLabsDesafioCEP.Infra.IoC", "WLabsDesafioCEP.Infra.IoC\WLabsDesafioCEP.Infra.IoC.csproj", "{5D354375-9085-466A-B9C7-3ACC3945937A}"
EndProject
Project("{9A19103F-16F7-4668-BE54-9A1E7A4F7556}") = "WLabsDesafioCEP.WebAPI", "WLabsDesafioCEP.WebAPI\WLabsDesafioCEP.WebAPI.csproj", "{EE35A3C2-09DF-4BF5-858C-991DF0A54F5B}"
EndProject
Project("{9A19103F-16F7-4668-BE54-9A1E7A4F7556}") = "WLabsDesafioCEP.Application", "WLabsDesafioCEP.Application\WLabsDesafioCEP.Application.csproj", "{1A8A3FB2-4FAD-44F2-B41D-41E5AE9149B8}"
EndProject
Project("{9A19103F-16F7-4668-BE54-9A1E7A4F7556}") = "WLabsDesafioCEP.Application.Tests", "WLabsDesafioCEP.Application.Tests\WLabsDesafioCEP.Application.Tests.csproj", "{2DCD1E33-9FC9-4F98-B870-009062F7A42A}"
EndProject
Project("{9A19103F-16F7-4668-BE54-9A1E7A4F7556}") = "WLabsDesafioCEP.Domain.Tests", "WLabsDesafioCEP.Domain.Tests\WLabsDesafioCEP.Domain.Tests.csproj", "{468F4156-EEF1-4EBD-8110-73B51CA69839}"
EndProject
Project("{9A19103F-16F7-4668-BE54-9A1E7A4F7556}") = "WLabsDesafioCEP.Infra.Data.Tests", "WLabsDesafioCEP.Infra.Data.Tests\WLabsDesafioCEP.Infra.Data.Tests.csproj", "{17F85576-FB7E-4A17-8064-EFF3E6A9F466}"
EndProject
Project("{FAE04EC0-301F-11D3-BF4B-00C04F79EFBC}") = "WLabsDesafioCEP.Common.Tests", "WLabsDesafioCEP.Common.Tests\WLabsDesafioCEP.Common.Tests.csproj", "{7D9BCBE7-7633-49FD-BF02-170860AA2E20}"
EndProject
Global
	GlobalSection(SolutionConfigurationPlatforms) = preSolution
		Debug|Any CPU = Debug|Any CPU
		Release|Any CPU = Release|Any CPU
	EndGlobalSection
	GlobalSection(ProjectConfigurationPlatforms) = postSolution
		{3EC9EA11-A7E0-43FA-98B6-AB581BC04605}.Debug|Any CPU.ActiveCfg = Debug|Any CPU
		{3EC9EA11-A7E0-43FA-98B6-AB581BC04605}.Debug|Any CPU.Build.0 = Debug|Any CPU
		{3EC9EA11-A7E0-43FA-98B6-AB581BC04605}.Release|Any CPU.ActiveCfg = Release|Any CPU
		{3EC9EA11-A7E0-43FA-98B6-AB581BC04605}.Release|Any CPU.Build.0 = Release|Any CPU
		{505849A8-5494-47D4-965F-DB66E2E94EDB}.Debug|Any CPU.ActiveCfg = Debug|Any CPU
		{505849A8-5494-47D4-965F-DB66E2E94EDB}.Debug|Any CPU.Build.0 = Debug|Any CPU
		{505849A8-5494-47D4-965F-DB66E2E94EDB}.Release|Any CPU.ActiveCfg = Release|Any CPU
		{505849A8-5494-47D4-965F-DB66E2E94EDB}.Release|Any CPU.Build.0 = Release|Any CPU
		{5D354375-9085-466A-B9C7-3ACC3945937A}.Debug|Any CPU.ActiveCfg = Debug|Any CPU
		{5D354375-9085-466A-B9C7-3ACC3945937A}.Debug|Any CPU.Build.0 = Debug|Any CPU
		{5D354375-9085-466A-B9C7-3ACC3945937A}.Release|Any CPU.ActiveCfg = Release|Any CPU
		{5D354375-9085-466A-B9C7-3ACC3945937A}.Release|Any CPU.Build.0 = Release|Any CPU
		{EE35A3C2-09DF-4BF5-858C-991DF0A54F5B}.Debug|Any CPU.ActiveCfg = Debug|Any CPU
		{EE35A3C2-09DF-4BF5-858C-991DF0A54F5B}.Debug|Any CPU.Build.0 = Debug|Any CPU
		{EE35A3C2-09DF-4BF5-858C-991DF0A54F5B}.Release|Any CPU.ActiveCfg = Release|Any CPU
		{EE35A3C2-09DF-4BF5-858C-991DF0A54F5B}.Release|Any CPU.Build.0 = Release|Any CPU
		{1A8A3FB2-4FAD-44F2-B41D-41E5AE9149B8}.Debug|Any CPU.ActiveCfg = Debug|Any CPU
		{1A8A3FB2-4FAD-44F2-B41D-41E5AE9149B8}.Debug|Any CPU.Build.0 = Debug|Any CPU
		{1A8A3FB2-4FAD-44F2-B41D-41E5AE9149B8}.Release|Any CPU.ActiveCfg = Release|Any CPU
		{1A8A3FB2-4FAD-44F2-B41D-41E5AE9149B8}.Release|Any CPU.Build.0 = Release|Any CPU
		{2DCD1E33-9FC9-4F98-B870-009062F7A42A}.Debug|Any CPU.ActiveCfg = Debug|Any CPU
		{2DCD1E33-9FC9-4F98-B870-009062F7A42A}.Debug|Any CPU.Build.0 = Debug|Any CPU
		{2DCD1E33-9FC9-4F98-B870-009062F7A42A}.Release|Any CPU.ActiveCfg = Release|Any CPU
		{2DCD1E33-9FC9-4F98-B870-009062F7A42A}.Release|Any CPU.Build.0 = Release|Any CPU
		{468F4156-EEF1-4EBD-8110-73B51CA69839}.Debug|Any CPU.ActiveCfg = Debug|Any CPU
		{468F4156-EEF1-4EBD-8110-73B51CA69839}.Debug|Any CPU.Build.0 = Debug|Any CPU
		{468F4156-EEF1-4EBD-8110-73B51CA69839}.Release|Any CPU.ActiveCfg = Release|Any CPU
		{468F4156-EEF1-4EBD-8110-73B51CA69839}.Release|Any CPU.Build.0 = Release|Any CPU
		{17F85576-FB7E-4A17-8064-EFF3E6A9F466}.Debug|Any CPU.ActiveCfg = Debug|Any CPU
		{17F85576-FB7E-4A17-8064-EFF3E6A9F466}.Debug|Any CPU.Build.0 = Debug|Any CPU
		{17F85576-FB7E-4A17-8064-EFF3E6A9F466}.Release|Any CPU.ActiveCfg = Release|Any CPU
		{17F85576-FB7E-4A17-8064-EFF3E6A9F466}.Release|Any CPU.Build.0 = Release|Any CPU
		{7D9BCBE7-7633-49FD-BF02-170860AA2E20}.Debug|Any CPU.ActiveCfg = Debug|Any CPU
		{7D9BCBE7-7633-49FD-BF02-170860AA2E20}.Debug|Any CPU.Build.0 = Debug|Any CPU
		{7D9BCBE7-7633-49FD-BF02-170860AA2E20}.Release|Any CPU.ActiveCfg = Release|Any CPU
		{7D9BCBE7-7633-49FD-BF02-170860AA2E20}.Release|Any CPU.Build.0 = Release|Any CPU
	EndGlobalSection
	GlobalSection(SolutionProperties) = preSolution
		HideSolutionNode = FALSE
	EndGlobalSection
	GlobalSection(ExtensibilityGlobals) = postSolution
		SolutionGuid = {84638EAA-A61B-43EE-A01E-2BBED76991D3}
	EndGlobalSection
EndGlobal
